
Microsoft Visual Studio Solution File, Format Version 12.00
# Visual Studio Version 17
VisualStudioVersion = 17.5.002.0
MinimumVisualStudioVersion = 10.0.40219.1
Project("{2150E333-8FDC-42A3-9474-1A3956D46DE8}") = "src", "src", "{84B25554-403E-456F-83CD-1A938C3BCE31}"
EndProject
Project("{9A19103F-16F7-4668-BE54-9A1E7A4F7556}") = "HaKafkaNet", "src\HaKafkaNet\HaKafkaNet.csproj", "{4A8D3D34-E08D-4A72-90DF-F356E4A21FAD}"
EndProject
Project("{2150E333-8FDC-42A3-9474-1A3956D46DE8}") = "example", "example", "{97387C27-9CF9-45B9-9DC5-FE96DAB0A63F}"
EndProject
Project("{FAE04EC0-301F-11D3-BF4B-00C04F79EFBC}") = "HaKafkaNet.ExampleApp", "example\HaKafkaNet.ExampleApp\HaKafkaNet.ExampleApp.csproj", "{5A49C63C-01F4-47C0-8B1D-801B37EA77A9}"
EndProject
Project("{FAE04EC0-301F-11D3-BF4B-00C04F79EFBC}") = "HaKafkaNet.ExampleApp.Tests", "example\HaKafkaNet.ExampleApp.Tests\HaKafkaNet.ExampleApp.Tests.csproj", "{F8D4457F-325A-4944-88BC-DF3E06063C76}"
EndProject
Project("{FAE04EC0-301F-11D3-BF4B-00C04F79EFBC}") = "HaKafkaNet.Tests", "src\HaKafkaNet.Tests\HaKafkaNet.Tests.csproj", "{698471FF-514B-46E3-B5D0-CF602AB1B4A1}"
EndProject
Project("{FAE04EC0-301F-11D3-BF4B-00C04F79EFBC}") = "HaKafkaNet.TestHarness", "src\HaKafkaNet.TestHarness\HaKafkaNet.TestHarness.csproj", "{7538ED3B-843C-4617-B98A-E1DD363F5373}"
EndProject
Global
	GlobalSection(SolutionConfigurationPlatforms) = preSolution
		Debug|Any CPU = Debug|Any CPU
		Release|Any CPU = Release|Any CPU
	EndGlobalSection
	GlobalSection(ProjectConfigurationPlatforms) = postSolution
		{4A8D3D34-E08D-4A72-90DF-F356E4A21FAD}.Debug|Any CPU.ActiveCfg = Debug|Any CPU
		{4A8D3D34-E08D-4A72-90DF-F356E4A21FAD}.Debug|Any CPU.Build.0 = Debug|Any CPU
		{4A8D3D34-E08D-4A72-90DF-F356E4A21FAD}.Release|Any CPU.ActiveCfg = Release|Any CPU
		{4A8D3D34-E08D-4A72-90DF-F356E4A21FAD}.Release|Any CPU.Build.0 = Release|Any CPU
		{5A49C63C-01F4-47C0-8B1D-801B37EA77A9}.Debug|Any CPU.ActiveCfg = Debug|Any CPU
		{5A49C63C-01F4-47C0-8B1D-801B37EA77A9}.Debug|Any CPU.Build.0 = Debug|Any CPU
		{5A49C63C-01F4-47C0-8B1D-801B37EA77A9}.Release|Any CPU.ActiveCfg = Release|Any CPU
		{5A49C63C-01F4-47C0-8B1D-801B37EA77A9}.Release|Any CPU.Build.0 = Release|Any CPU
		{F8D4457F-325A-4944-88BC-DF3E06063C76}.Debug|Any CPU.ActiveCfg = Debug|Any CPU
		{F8D4457F-325A-4944-88BC-DF3E06063C76}.Debug|Any CPU.Build.0 = Debug|Any CPU
		{F8D4457F-325A-4944-88BC-DF3E06063C76}.Release|Any CPU.ActiveCfg = Release|Any CPU
		{F8D4457F-325A-4944-88BC-DF3E06063C76}.Release|Any CPU.Build.0 = Release|Any CPU
		{698471FF-514B-46E3-B5D0-CF602AB1B4A1}.Debug|Any CPU.ActiveCfg = Debug|Any CPU
		{698471FF-514B-46E3-B5D0-CF602AB1B4A1}.Debug|Any CPU.Build.0 = Debug|Any CPU
		{698471FF-514B-46E3-B5D0-CF602AB1B4A1}.Release|Any CPU.ActiveCfg = Release|Any CPU
		{698471FF-514B-46E3-B5D0-CF602AB1B4A1}.Release|Any CPU.Build.0 = Release|Any CPU
		{7538ED3B-843C-4617-B98A-E1DD363F5373}.Debug|Any CPU.ActiveCfg = Debug|Any CPU
		{7538ED3B-843C-4617-B98A-E1DD363F5373}.Debug|Any CPU.Build.0 = Debug|Any CPU
		{7538ED3B-843C-4617-B98A-E1DD363F5373}.Release|Any CPU.ActiveCfg = Release|Any CPU
		{7538ED3B-843C-4617-B98A-E1DD363F5373}.Release|Any CPU.Build.0 = Release|Any CPU
	EndGlobalSection
	GlobalSection(SolutionProperties) = preSolution
		HideSolutionNode = FALSE
	EndGlobalSection
	GlobalSection(NestedProjects) = preSolution
		{4A8D3D34-E08D-4A72-90DF-F356E4A21FAD} = {84B25554-403E-456F-83CD-1A938C3BCE31}
		{5A49C63C-01F4-47C0-8B1D-801B37EA77A9} = {97387C27-9CF9-45B9-9DC5-FE96DAB0A63F}
		{F8D4457F-325A-4944-88BC-DF3E06063C76} = {97387C27-9CF9-45B9-9DC5-FE96DAB0A63F}
		{698471FF-514B-46E3-B5D0-CF602AB1B4A1} = {84B25554-403E-456F-83CD-1A938C3BCE31}
		{7538ED3B-843C-4617-B98A-E1DD363F5373} = {84B25554-403E-456F-83CD-1A938C3BCE31}
	EndGlobalSection
	GlobalSection(ExtensibilityGlobals) = postSolution
		SolutionGuid = {F5CB5E11-069A-415B-87C7-36EF1F8937F9}
	EndGlobalSection
EndGlobal
