
Microsoft Visual Studio Solution File, Format Version 12.00
# Visual Studio Version 17
VisualStudioVersion = 17.5.002.0
MinimumVisualStudioVersion = 10.0.40219.1
Project("{9A19103F-16F7-4668-BE54-9A1E7A4F7556}") = "HaKafkaNet", "HaKafkaNet.csproj", "{C9AD2940-F918-478E-B094-38931660A48D}"
EndProject
Global
	GlobalSection(SolutionConfigurationPlatforms) = preSolution
		Debug|Any CPU = Debug|Any CPU
		Release|Any CPU = Release|Any CPU
	EndGlobalSection
	GlobalSection(ProjectConfigurationPlatforms) = postSolution
		{C9AD2940-F918-478E-B094-38931660A48D}.Debug|Any CPU.ActiveCfg = Debug|Any CPU
		{C9AD2940-F918-478E-B094-38931660A48D}.Debug|Any CPU.Build.0 = Debug|Any CPU
		{C9AD2940-F918-478E-B094-38931660A48D}.Release|Any CPU.ActiveCfg = Release|Any CPU
		{C9AD2940-F918-478E-B094-38931660A48D}.Release|Any CPU.Build.0 = Release|Any CPU
	EndGlobalSection
	GlobalSection(SolutionProperties) = preSolution
		HideSolutionNode = FALSE
	EndGlobalSection
	GlobalSection(ExtensibilityGlobals) = postSolution
		SolutionGuid = {8843CD22-B07E-404C-A844-07F70D5AFBD5}
	EndGlobalSection
EndGlobal
